// !$*UTF8*$!
{
	archiveVersion = 1;
	classes = {
	};
	objectVersion = 56;
	objects = {

/* Begin PBXBuildFile section */
		AC399E7B2A7BEFE900A243BF /* Alamofire in Frameworks */ = {isa = PBXBuildFile; productRef = AC399E7A2A7BEFE900A243BF /* Alamofire */; };
		AC399E7D2A7BF0BE00A243BF /* GitHubAPI.swift in Sources */ = {isa = PBXBuildFile; fileRef = AC399E7C2A7BF0BE00A243BF /* GitHubAPI.swift */; };
		AC4092E52A66E3A200B182F5 /* RepositoriesView.swift in Sources */ = {isa = PBXBuildFile; fileRef = AC4092E42A66E3A200B182F5 /* RepositoriesView.swift */; };
		AC57AC0C2A6E77E500760A87 /* SplashScreenView.swift in Sources */ = {isa = PBXBuildFile; fileRef = AC57AC0B2A6E77E500760A87 /* SplashScreenView.swift */; };
		AC57AC0E2A6EA0EF00760A87 /* CellModel.swift in Sources */ = {isa = PBXBuildFile; fileRef = AC57AC0D2A6EA0EF00760A87 /* CellModel.swift */; };
		AC57AC102A6EA28A00760A87 /* TableCellView.swift in Sources */ = {isa = PBXBuildFile; fileRef = AC57AC0F2A6EA28A00760A87 /* TableCellView.swift */; };
		AC61FA592A653F2F003D544A /* Git_TestApp.swift in Sources */ = {isa = PBXBuildFile; fileRef = AC61FA582A653F2F003D544A /* Git_TestApp.swift */; };
		AC61FA5B2A653F2F003D544A /* SignInView.swift in Sources */ = {isa = PBXBuildFile; fileRef = AC61FA5A2A653F2F003D544A /* SignInView.swift */; };
		AC61FA5D2A653F30003D544A /* Assets.xcassets in Resources */ = {isa = PBXBuildFile; fileRef = AC61FA5C2A653F30003D544A /* Assets.xcassets */; };
		AC61FA602A653F30003D544A /* Preview Assets.xcassets in Resources */ = {isa = PBXBuildFile; fileRef = AC61FA5F2A653F30003D544A /* Preview Assets.xcassets */; };
		ACC145662A697D86002A5CFB /* Color.swift in Sources */ = {isa = PBXBuildFile; fileRef = ACC145652A697D86002A5CFB /* Color.swift */; };
		ACE19F1A2A701744005DDFFA /* FullInfoView.swift in Sources */ = {isa = PBXBuildFile; fileRef = ACE19F192A701744005DDFFA /* FullInfoView.swift */; };
/* End PBXBuildFile section */

/* Begin PBXFileReference section */
		AC399E7C2A7BF0BE00A243BF /* GitHubAPI.swift */ = {isa = PBXFileReference; lastKnownFileType = sourcecode.swift; path = GitHubAPI.swift; sourceTree = "<group>"; };
		AC4092E42A66E3A200B182F5 /* RepositoriesView.swift */ = {isa = PBXFileReference; lastKnownFileType = sourcecode.swift; path = RepositoriesView.swift; sourceTree = "<group>"; };
		AC57AC0B2A6E77E500760A87 /* SplashScreenView.swift */ = {isa = PBXFileReference; lastKnownFileType = sourcecode.swift; path = SplashScreenView.swift; sourceTree = "<group>"; };
		AC57AC0D2A6EA0EF00760A87 /* CellModel.swift */ = {isa = PBXFileReference; lastKnownFileType = sourcecode.swift; path = CellModel.swift; sourceTree = "<group>"; };
		AC57AC0F2A6EA28A00760A87 /* TableCellView.swift */ = {isa = PBXFileReference; lastKnownFileType = sourcecode.swift; path = TableCellView.swift; sourceTree = "<group>"; };
		AC61FA552A653F2F003D544A /* Git_Test.app */ = {isa = PBXFileReference; explicitFileType = wrapper.application; includeInIndex = 0; path = Git_Test.app; sourceTree = BUILT_PRODUCTS_DIR; };
		AC61FA582A653F2F003D544A /* Git_TestApp.swift */ = {isa = PBXFileReference; lastKnownFileType = sourcecode.swift; path = Git_TestApp.swift; sourceTree = "<group>"; };
		AC61FA5A2A653F2F003D544A /* SignInView.swift */ = {isa = PBXFileReference; lastKnownFileType = sourcecode.swift; path = SignInView.swift; sourceTree = "<group>"; };
		AC61FA5C2A653F30003D544A /* Assets.xcassets */ = {isa = PBXFileReference; lastKnownFileType = folder.assetcatalog; path = Assets.xcassets; sourceTree = "<group>"; };
		AC61FA5F2A653F30003D544A /* Preview Assets.xcassets */ = {isa = PBXFileReference; lastKnownFileType = folder.assetcatalog; path = "Preview Assets.xcassets"; sourceTree = "<group>"; };
		ACC145652A697D86002A5CFB /* Color.swift */ = {isa = PBXFileReference; lastKnownFileType = sourcecode.swift; path = Color.swift; sourceTree = "<group>"; };
		ACE19F192A701744005DDFFA /* FullInfoView.swift */ = {isa = PBXFileReference; lastKnownFileType = sourcecode.swift; path = FullInfoView.swift; sourceTree = "<group>"; };
/* End PBXFileReference section */

/* Begin PBXFrameworksBuildPhase section */
		AC61FA522A653F2F003D544A /* Frameworks */ = {
			isa = PBXFrameworksBuildPhase;
			buildActionMask = 2147483647;
			files = (
				AC399E7B2A7BEFE900A243BF /* Alamofire in Frameworks */,
			);
			runOnlyForDeploymentPostprocessing = 0;
		};
/* End PBXFrameworksBuildPhase section */

/* Begin PBXGroup section */
		AC61FA4C2A653F2F003D544A = {
			isa = PBXGroup;
			children = (
				AC61FA572A653F2F003D544A /* Git_Test */,
				AC61FA562A653F2F003D544A /* Products */,
			);
			sourceTree = "<group>";
		};
		AC61FA562A653F2F003D544A /* Products */ = {
			isa = PBXGroup;
			children = (
				AC61FA552A653F2F003D544A /* Git_Test.app */,
			);
			name = Products;
			sourceTree = "<group>";
		};
		AC61FA572A653F2F003D544A /* Git_Test */ = {
			isa = PBXGroup;
			children = (
				AC61FA582A653F2F003D544A /* Git_TestApp.swift */,
				AC57AC0B2A6E77E500760A87 /* SplashScreenView.swift */,
				AC61FA5A2A653F2F003D544A /* SignInView.swift */,
				ACE19F192A701744005DDFFA /* FullInfoView.swift */,
				AC57AC0D2A6EA0EF00760A87 /* CellModel.swift */,
				AC399E7C2A7BF0BE00A243BF /* GitHubAPI.swift */,
				AC57AC0F2A6EA28A00760A87 /* TableCellView.swift */,
				ACC145652A697D86002A5CFB /* Color.swift */,
				AC4092E42A66E3A200B182F5 /* RepositoriesView.swift */,
				AC61FA5C2A653F30003D544A /* Assets.xcassets */,
				AC61FA5E2A653F30003D544A /* Preview Content */,
			);
			path = Git_Test;
			sourceTree = "<group>";
		};
		AC61FA5E2A653F30003D544A /* Preview Content */ = {
			isa = PBXGroup;
			children = (
				AC61FA5F2A653F30003D544A /* Preview Assets.xcassets */,
			);
			path = "Preview Content";
			sourceTree = "<group>";
		};
/* End PBXGroup section */

/* Begin PBXNativeTarget section */
		AC61FA542A653F2F003D544A /* Git_Test */ = {
			isa = PBXNativeTarget;
			buildConfigurationList = AC61FA632A653F30003D544A /* Build configuration list for PBXNativeTarget "Git_Test" */;
			buildPhases = (
				AC61FA512A653F2F003D544A /* Sources */,
				AC61FA522A653F2F003D544A /* Frameworks */,
				AC61FA532A653F2F003D544A /* Resources */,
			);
			buildRules = (
			);
			dependencies = (
			);
			name = Git_Test;
			packageProductDependencies = (
				AC399E7A2A7BEFE900A243BF /* Alamofire */,
			);
			productName = Git_Test;
			productReference = AC61FA552A653F2F003D544A /* Git_Test.app */;
			productType = "com.apple.product-type.application";
		};
/* End PBXNativeTarget section */

/* Begin PBXProject section */
		AC61FA4D2A653F2F003D544A /* Project object */ = {
			isa = PBXProject;
			attributes = {
				BuildIndependentTargetsInParallel = 1;
				LastSwiftUpdateCheck = 1430;
				LastUpgradeCheck = 1430;
				TargetAttributes = {
					AC61FA542A653F2F003D544A = {
						CreatedOnToolsVersion = 14.3.1;
					};
				};
			};
			buildConfigurationList = AC61FA502A653F2F003D544A /* Build configuration list for PBXProject "Git_Test" */;
			compatibilityVersion = "Xcode 14.0";
			developmentRegion = en;
			hasScannedForEncodings = 0;
			knownRegions = (
				en,
				Base,
			);
			mainGroup = AC61FA4C2A653F2F003D544A;
			packageReferences = (
				AC399E792A7BEFE900A243BF /* XCRemoteSwiftPackageReference "Alamofire" */,
			);
			productRefGroup = AC61FA562A653F2F003D544A /* Products */;
			projectDirPath = "";
			projectRoot = "";
			targets = (
				AC61FA542A653F2F003D544A /* Git_Test */,
			);
		};
/* End PBXProject section */

/* Begin PBXResourcesBuildPhase section */
		AC61FA532A653F2F003D544A /* Resources */ = {
			isa = PBXResourcesBuildPhase;
			buildActionMask = 2147483647;
			files = (
				AC61FA602A653F30003D544A /* Preview Assets.xcassets in Resources */,
				AC61FA5D2A653F30003D544A /* Assets.xcassets in Resources */,
			);
			runOnlyForDeploymentPostprocessing = 0;
		};
/* End PBXResourcesBuildPhase section */

/* Begin PBXSourcesBuildPhase section */
		AC61FA512A653F2F003D544A /* Sources */ = {
			isa = PBXSourcesBuildPhase;
			buildActionMask = 2147483647;
			files = (
				AC4092E52A66E3A200B182F5 /* RepositoriesView.swift in Sources */,
				AC399E7D2A7BF0BE00A243BF /* GitHubAPI.swift in Sources */,
				ACC145662A697D86002A5CFB /* Color.swift in Sources */,
				AC57AC0C2A6E77E500760A87 /* SplashScreenView.swift in Sources */,
				AC57AC102A6EA28A00760A87 /* TableCellView.swift in Sources */,
				AC61FA5B2A653F2F003D544A /* SignInView.swift in Sources */,
				AC61FA592A653F2F003D544A /* Git_TestApp.swift in Sources */,
				AC57AC0E2A6EA0EF00760A87 /* CellModel.swift in Sources */,
				ACE19F1A2A701744005DDFFA /* FullInfoView.swift in Sources */,
			);
			runOnlyForDeploymentPostprocessing = 0;
		};
/* End PBXSourcesBuildPhase section */

/* Begin XCBuildConfiguration section */
		AC61FA612A653F30003D544A /* Debug */ = {
			isa = XCBuildConfiguration;
			buildSettings = {
				ALWAYS_SEARCH_USER_PATHS = NO;
				CLANG_ANALYZER_NONNULL = YES;
				CLANG_ANALYZER_NUMBER_OBJECT_CONVERSION = YES_AGGRESSIVE;
				CLANG_CXX_LANGUAGE_STANDARD = "gnu++20";
				CLANG_ENABLE_MODULES = YES;
				CLANG_ENABLE_OBJC_ARC = YES;
				CLANG_ENABLE_OBJC_WEAK = YES;
				CLANG_WARN_BLOCK_CAPTURE_AUTORELEASING = YES;
				CLANG_WARN_BOOL_CONVERSION = YES;
				CLANG_WARN_COMMA = YES;
				CLANG_WARN_CONSTANT_CONVERSION = YES;
				CLANG_WARN_DEPRECATED_OBJC_IMPLEMENTATIONS = YES;
				CLANG_WARN_DIRECT_OBJC_ISA_USAGE = YES_ERROR;
				CLANG_WARN_DOCUMENTATION_COMMENTS = YES;
				CLANG_WARN_EMPTY_BODY = YES;
				CLANG_WARN_ENUM_CONVERSION = YES;
				CLANG_WARN_INFINITE_RECURSION = YES;
				CLANG_WARN_INT_CONVERSION = YES;
				CLANG_WARN_NON_LITERAL_NULL_CONVERSION = YES;
				CLANG_WARN_OBJC_IMPLICIT_RETAIN_SELF = YES;
				CLANG_WARN_OBJC_LITERAL_CONVERSION = YES;
				CLANG_WARN_OBJC_ROOT_CLASS = YES_ERROR;
				CLANG_WARN_QUOTED_INCLUDE_IN_FRAMEWORK_HEADER = YES;
				CLANG_WARN_RANGE_LOOP_ANALYSIS = YES;
				CLANG_WARN_STRICT_PROTOTYPES = YES;
				CLANG_WARN_SUSPICIOUS_MOVE = YES;
				CLANG_WARN_UNGUARDED_AVAILABILITY = YES_AGGRESSIVE;
				CLANG_WARN_UNREACHABLE_CODE = YES;
				CLANG_WARN__DUPLICATE_METHOD_MATCH = YES;
				COPY_PHASE_STRIP = NO;
				DEBUG_INFORMATION_FORMAT = dwarf;
				ENABLE_STRICT_OBJC_MSGSEND = YES;
				ENABLE_TESTABILITY = YES;
				GCC_C_LANGUAGE_STANDARD = gnu11;
				GCC_DYNAMIC_NO_PIC = NO;
				GCC_NO_COMMON_BLOCKS = YES;
				GCC_OPTIMIZATION_LEVEL = 0;
				GCC_PREPROCESSOR_DEFINITIONS = (
					"DEBUG=1",
					"$(inherited)",
				);
				GCC_WARN_64_TO_32_BIT_CONVERSION = YES;
				GCC_WARN_ABOUT_RETURN_TYPE = YES_ERROR;
				GCC_WARN_UNDECLARED_SELECTOR = YES;
				GCC_WARN_UNINITIALIZED_AUTOS = YES_AGGRESSIVE;
				GCC_WARN_UNUSED_FUNCTION = YES;
				GCC_WARN_UNUSED_VARIABLE = YES;
				IPHONEOS_DEPLOYMENT_TARGET = 16.4;
				MTL_ENABLE_DEBUG_INFO = INCLUDE_SOURCE;
				MTL_FAST_MATH = YES;
				ONLY_ACTIVE_ARCH = YES;
				SDKROOT = iphoneos;
				SWIFT_ACTIVE_COMPILATION_CONDITIONS = DEBUG;
				SWIFT_OPTIMIZATION_LEVEL = "-Onone";
			};
			name = Debug;
		};
		AC61FA622A653F30003D544A /* Release */ = {
			isa = XCBuildConfiguration;
			buildSettings = {
				ALWAYS_SEARCH_USER_PATHS = NO;
				CLANG_ANALYZER_NONNULL = YES;
				CLANG_ANALYZER_NUMBER_OBJECT_CONVERSION = YES_AGGRESSIVE;
				CLANG_CXX_LANGUAGE_STANDARD = "gnu++20";
				CLANG_ENABLE_MODULES = YES;
				CLANG_ENABLE_OBJC_ARC = YES;
				CLANG_ENABLE_OBJC_WEAK = YES;
				CLANG_WARN_BLOCK_CAPTURE_AUTORELEASING = YES;
				CLANG_WARN_BOOL_CONVERSION = YES;
				CLANG_WARN_COMMA = YES;
				CLANG_WARN_CONSTANT_CONVERSION = YES;
				CLANG_WARN_DEPRECATED_OBJC_IMPLEMENTATIONS = YES;
				CLANG_WARN_DIRECT_OBJC_ISA_USAGE = YES_ERROR;
				CLANG_WARN_DOCUMENTATION_COMMENTS = YES;
				CLANG_WARN_EMPTY_BODY = YES;
				CLANG_WARN_ENUM_CONVERSION = YES;
				CLANG_WARN_INFINITE_RECURSION = YES;
				CLANG_WARN_INT_CONVERSION = YES;
				CLANG_WARN_NON_LITERAL_NULL_CONVERSION = YES;
				CLANG_WARN_OBJC_IMPLICIT_RETAIN_SELF = YES;
				CLANG_WARN_OBJC_LITERAL_CONVERSION = YES;
				CLANG_WARN_OBJC_ROOT_CLASS = YES_ERROR;
				CLANG_WARN_QUOTED_INCLUDE_IN_FRAMEWORK_HEADER = YES;
				CLANG_WARN_RANGE_LOOP_ANALYSIS = YES;
				CLANG_WARN_STRICT_PROTOTYPES = YES;
				CLANG_WARN_SUSPICIOUS_MOVE = YES;
				CLANG_WARN_UNGUARDED_AVAILABILITY = YES_AGGRESSIVE;
				CLANG_WARN_UNREACHABLE_CODE = YES;
				CLANG_WARN__DUPLICATE_METHOD_MATCH = YES;
				COPY_PHASE_STRIP = NO;
				DEBUG_INFORMATION_FORMAT = "dwarf-with-dsym";
				ENABLE_NS_ASSERTIONS = NO;
				ENABLE_STRICT_OBJC_MSGSEND = YES;
				GCC_C_LANGUAGE_STANDARD = gnu11;
				GCC_NO_COMMON_BLOCKS = YES;
				GCC_WARN_64_TO_32_BIT_CONVERSION = YES;
				GCC_WARN_ABOUT_RETURN_TYPE = YES_ERROR;
				GCC_WARN_UNDECLARED_SELECTOR = YES;
				GCC_WARN_UNINITIALIZED_AUTOS = YES_AGGRESSIVE;
				GCC_WARN_UNUSED_FUNCTION = YES;
				GCC_WARN_UNUSED_VARIABLE = YES;
				IPHONEOS_DEPLOYMENT_TARGET = 16.4;
				MTL_ENABLE_DEBUG_INFO = NO;
				MTL_FAST_MATH = YES;
				SDKROOT = iphoneos;
				SWIFT_COMPILATION_MODE = wholemodule;
				SWIFT_OPTIMIZATION_LEVEL = "-O";
				VALIDATE_PRODUCT = YES;
			};
			name = Release;
		};
		AC61FA642A653F30003D544A /* Debug */ = {
			isa = XCBuildConfiguration;
			buildSettings = {
				ASSETCATALOG_COMPILER_APPICON_NAME = AppIcon;
				ASSETCATALOG_COMPILER_GLOBAL_ACCENT_COLOR_NAME = AccentColor;
				CODE_SIGN_STYLE = Automatic;
				CURRENT_PROJECT_VERSION = 1;
				DEVELOPMENT_ASSET_PATHS = "\"Git_Test/Preview Content\"";
				DEVELOPMENT_TEAM = R8Q96AG2X9;
				ENABLE_PREVIEWS = YES;
				GENERATE_INFOPLIST_FILE = YES;
				INFOPLIST_KEY_UIApplicationSceneManifest_Generation = YES;
				INFOPLIST_KEY_UIApplicationSupportsIndirectInputEvents = YES;
				INFOPLIST_KEY_UILaunchScreen_Generation = YES;
				INFOPLIST_KEY_UISupportedInterfaceOrientations = UIInterfaceOrientationPortrait;
				INFOPLIST_KEY_UISupportedInterfaceOrientations_iPad = "UIInterfaceOrientationLandscapeLeft UIInterfaceOrientationLandscapeRight UIInterfaceOrientationPortrait UIInterfaceOrientationPortraitUpsideDown";
				IPHONEOS_DEPLOYMENT_TARGET = 16.0;
				LD_RUNPATH_SEARCH_PATHS = (
					"$(inherited)",
					"@executable_path/Frameworks",
				);
				MARKETING_VERSION = 1.0;
				PRODUCT_BUNDLE_IDENTIFIER = "norina-sofia.Git-Test";
				PRODUCT_NAME = "$(TARGET_NAME)";
				SUPPORTED_PLATFORMS = "iphoneos iphonesimulator";
				SUPPORTS_MACCATALYST = NO;
				SUPPORTS_MAC_DESIGNED_FOR_IPHONE_IPAD = NO;
				SWIFT_EMIT_LOC_STRINGS = YES;
				SWIFT_VERSION = 5.0;
				TARGETED_DEVICE_FAMILY = 1;
			};
			name = Debug;
		};
		AC61FA652A653F30003D544A /* Release */ = {
			isa = XCBuildConfiguration;
			buildSettings = {
				ASSETCATALOG_COMPILER_APPICON_NAME = AppIcon;
				ASSETCATALOG_COMPILER_GLOBAL_ACCENT_COLOR_NAME = AccentColor;
				CODE_SIGN_STYLE = Automatic;
				CURRENT_PROJECT_VERSION = 1;
				DEVELOPMENT_ASSET_PATHS = "\"Git_Test/Preview Content\"";
				DEVELOPMENT_TEAM = R8Q96AG2X9;
				ENABLE_PREVIEWS = YES;
				GENERATE_INFOPLIST_FILE = YES;
				INFOPLIST_KEY_UIApplicationSceneManifest_Generation = YES;
				INFOPLIST_KEY_UIApplicationSupportsIndirectInputEvents = YES;
				INFOPLIST_KEY_UILaunchScreen_Generation = YES;
				INFOPLIST_KEY_UISupportedInterfaceOrientations = UIInterfaceOrientationPortrait;
				INFOPLIST_KEY_UISupportedInterfaceOrientations_iPad = "UIInterfaceOrientationLandscapeLeft UIInterfaceOrientationLandscapeRight UIInterfaceOrientationPortrait UIInterfaceOrientationPortraitUpsideDown";
				IPHONEOS_DEPLOYMENT_TARGET = 16.0;
				LD_RUNPATH_SEARCH_PATHS = (
					"$(inherited)",
					"@executable_path/Frameworks",
				);
				MARKETING_VERSION = 1.0;
				PRODUCT_BUNDLE_IDENTIFIER = "norina-sofia.Git-Test";
				PRODUCT_NAME = "$(TARGET_NAME)";
				SUPPORTED_PLATFORMS = "iphoneos iphonesimulator";
				SUPPORTS_MACCATALYST = NO;
				SUPPORTS_MAC_DESIGNED_FOR_IPHONE_IPAD = NO;
				SWIFT_EMIT_LOC_STRINGS = YES;
				SWIFT_VERSION = 5.0;
				TARGETED_DEVICE_FAMILY = 1;
			};
			name = Release;
		};
/* End XCBuildConfiguration section */

/* Begin XCConfigurationList section */
		AC61FA502A653F2F003D544A /* Build configuration list for PBXProject "Git_Test" */ = {
			isa = XCConfigurationList;
			buildConfigurations = (
				AC61FA612A653F30003D544A /* Debug */,
				AC61FA622A653F30003D544A /* Release */,
			);
			defaultConfigurationIsVisible = 0;
			defaultConfigurationName = Release;
		};
		AC61FA632A653F30003D544A /* Build configuration list for PBXNativeTarget "Git_Test" */ = {
			isa = XCConfigurationList;
			buildConfigurations = (
				AC61FA642A653F30003D544A /* Debug */,
				AC61FA652A653F30003D544A /* Release */,
			);
			defaultConfigurationIsVisible = 0;
			defaultConfigurationName = Release;
		};
/* End XCConfigurationList section */

/* Begin XCRemoteSwiftPackageReference section */
		AC399E792A7BEFE900A243BF /* XCRemoteSwiftPackageReference "Alamofire" */ = {
			isa = XCRemoteSwiftPackageReference;
			repositoryURL = "https://github.com/Alamofire/Alamofire.git";
			requirement = {
				kind = upToNextMajorVersion;
				minimumVersion = 5.0.0;
			};
		};
/* End XCRemoteSwiftPackageReference section */

/* Begin XCSwiftPackageProductDependency section */
		AC399E7A2A7BEFE900A243BF /* Alamofire */ = {
			isa = XCSwiftPackageProductDependency;
			package = AC399E792A7BEFE900A243BF /* XCRemoteSwiftPackageReference "Alamofire" */;
			productName = Alamofire;
		};
/* End XCSwiftPackageProductDependency section */
	};
	rootObject = AC61FA4D2A653F2F003D544A /* Project object */;
}
